
Microsoft Visual Studio Solution File, Format Version 12.00
# Visual Studio Version 17
VisualStudioVersion = 17.2.32602.215
MinimumVisualStudioVersion = 10.0.40219.1
Project("{9A19103F-16F7-4668-BE54-9A1E7A4F7556}") = "Arrays", "Arrays\Arrays.csproj", "{6E61F054-5846-4895-9B1C-81D83B92966B}"
EndProject
Project("{9A19103F-16F7-4668-BE54-9A1E7A4F7556}") = "HashMaps", "HashMaps\HashMaps.csproj", "{A3F0F9A7-CB0D-4465-8D56-ED502198362C}"
EndProject
Project("{9A19103F-16F7-4668-BE54-9A1E7A4F7556}") = "Trees", "Trees\Trees.csproj", "{455FB006-ACFE-499C-A4A2-36ECD90D34C9}"
EndProject
Project("{9A19103F-16F7-4668-BE54-9A1E7A4F7556}") = "Graphs", "Graphs\Graphs.csproj", "{A2E86AC9-DD02-4AB6-BE48-6D6D8830C095}"
EndProject
Project("{9A19103F-16F7-4668-BE54-9A1E7A4F7556}") = "Recursions", "Recursions\Recursions.csproj", "{20AE6C83-BF72-471A-BE5F-2AFB71A990EE}"
EndProject
Project("{9A19103F-16F7-4668-BE54-9A1E7A4F7556}") = "Sorting", "Sorting\Sorting.csproj", "{0BB324E2-6BA3-42EC-9626-65C4FD2BB3ED}"
EndProject
Project("{9A19103F-16F7-4668-BE54-9A1E7A4F7556}") = "Searching", "Searching\Searching.csproj", "{8FD76262-E7D0-4A8D-A31D-D5947C25A85E}"
EndProject
Project("{9A19103F-16F7-4668-BE54-9A1E7A4F7556}") = "LinkedList", "LinkedList\LinkedList.csproj", "{15900220-9346-4465-B1F2-07D5A27D8E3F}"
EndProject
Project("{FAE04EC0-301F-11D3-BF4B-00C04F79EFBC}") = "Stack", "Stack\Stack.csproj", "{B0380C4F-95B3-4B99-9303-A13954FF8196}"
EndProject
Project("{FAE04EC0-301F-11D3-BF4B-00C04F79EFBC}") = "Queue", "Queue\Queue.csproj", "{E6F3446C-C056-42C5-85E2-72BBFBB4EDF1}"
EndProject
Global
	GlobalSection(SolutionConfigurationPlatforms) = preSolution
		Debug|Any CPU = Debug|Any CPU
		Release|Any CPU = Release|Any CPU
	EndGlobalSection
	GlobalSection(ProjectConfigurationPlatforms) = postSolution
		{6E61F054-5846-4895-9B1C-81D83B92966B}.Debug|Any CPU.ActiveCfg = Debug|Any CPU
		{6E61F054-5846-4895-9B1C-81D83B92966B}.Debug|Any CPU.Build.0 = Debug|Any CPU
		{6E61F054-5846-4895-9B1C-81D83B92966B}.Release|Any CPU.ActiveCfg = Release|Any CPU
		{6E61F054-5846-4895-9B1C-81D83B92966B}.Release|Any CPU.Build.0 = Release|Any CPU
		{A3F0F9A7-CB0D-4465-8D56-ED502198362C}.Debug|Any CPU.ActiveCfg = Debug|Any CPU
		{A3F0F9A7-CB0D-4465-8D56-ED502198362C}.Debug|Any CPU.Build.0 = Debug|Any CPU
		{A3F0F9A7-CB0D-4465-8D56-ED502198362C}.Release|Any CPU.ActiveCfg = Release|Any CPU
		{A3F0F9A7-CB0D-4465-8D56-ED502198362C}.Release|Any CPU.Build.0 = Release|Any CPU
		{455FB006-ACFE-499C-A4A2-36ECD90D34C9}.Debug|Any CPU.ActiveCfg = Debug|Any CPU
		{455FB006-ACFE-499C-A4A2-36ECD90D34C9}.Debug|Any CPU.Build.0 = Debug|Any CPU
		{455FB006-ACFE-499C-A4A2-36ECD90D34C9}.Release|Any CPU.ActiveCfg = Release|Any CPU
		{455FB006-ACFE-499C-A4A2-36ECD90D34C9}.Release|Any CPU.Build.0 = Release|Any CPU
		{A2E86AC9-DD02-4AB6-BE48-6D6D8830C095}.Debug|Any CPU.ActiveCfg = Debug|Any CPU
		{A2E86AC9-DD02-4AB6-BE48-6D6D8830C095}.Debug|Any CPU.Build.0 = Debug|Any CPU
		{A2E86AC9-DD02-4AB6-BE48-6D6D8830C095}.Release|Any CPU.ActiveCfg = Release|Any CPU
		{A2E86AC9-DD02-4AB6-BE48-6D6D8830C095}.Release|Any CPU.Build.0 = Release|Any CPU
		{20AE6C83-BF72-471A-BE5F-2AFB71A990EE}.Debug|Any CPU.ActiveCfg = Debug|Any CPU
		{20AE6C83-BF72-471A-BE5F-2AFB71A990EE}.Debug|Any CPU.Build.0 = Debug|Any CPU
		{20AE6C83-BF72-471A-BE5F-2AFB71A990EE}.Release|Any CPU.ActiveCfg = Release|Any CPU
		{20AE6C83-BF72-471A-BE5F-2AFB71A990EE}.Release|Any CPU.Build.0 = Release|Any CPU
		{0BB324E2-6BA3-42EC-9626-65C4FD2BB3ED}.Debug|Any CPU.ActiveCfg = Debug|Any CPU
		{0BB324E2-6BA3-42EC-9626-65C4FD2BB3ED}.Debug|Any CPU.Build.0 = Debug|Any CPU
		{0BB324E2-6BA3-42EC-9626-65C4FD2BB3ED}.Release|Any CPU.ActiveCfg = Release|Any CPU
		{0BB324E2-6BA3-42EC-9626-65C4FD2BB3ED}.Release|Any CPU.Build.0 = Release|Any CPU
		{8FD76262-E7D0-4A8D-A31D-D5947C25A85E}.Debug|Any CPU.ActiveCfg = Debug|Any CPU
		{8FD76262-E7D0-4A8D-A31D-D5947C25A85E}.Debug|Any CPU.Build.0 = Debug|Any CPU
		{8FD76262-E7D0-4A8D-A31D-D5947C25A85E}.Release|Any CPU.ActiveCfg = Release|Any CPU
		{8FD76262-E7D0-4A8D-A31D-D5947C25A85E}.Release|Any CPU.Build.0 = Release|Any CPU
		{15900220-9346-4465-B1F2-07D5A27D8E3F}.Debug|Any CPU.ActiveCfg = Debug|Any CPU
		{15900220-9346-4465-B1F2-07D5A27D8E3F}.Debug|Any CPU.Build.0 = Debug|Any CPU
		{15900220-9346-4465-B1F2-07D5A27D8E3F}.Release|Any CPU.ActiveCfg = Release|Any CPU
		{15900220-9346-4465-B1F2-07D5A27D8E3F}.Release|Any CPU.Build.0 = Release|Any CPU
		{B0380C4F-95B3-4B99-9303-A13954FF8196}.Debug|Any CPU.ActiveCfg = Debug|Any CPU
		{B0380C4F-95B3-4B99-9303-A13954FF8196}.Debug|Any CPU.Build.0 = Debug|Any CPU
		{B0380C4F-95B3-4B99-9303-A13954FF8196}.Release|Any CPU.ActiveCfg = Release|Any CPU
		{B0380C4F-95B3-4B99-9303-A13954FF8196}.Release|Any CPU.Build.0 = Release|Any CPU
		{E6F3446C-C056-42C5-85E2-72BBFBB4EDF1}.Debug|Any CPU.ActiveCfg = Debug|Any CPU
		{E6F3446C-C056-42C5-85E2-72BBFBB4EDF1}.Debug|Any CPU.Build.0 = Debug|Any CPU
		{E6F3446C-C056-42C5-85E2-72BBFBB4EDF1}.Release|Any CPU.ActiveCfg = Release|Any CPU
		{E6F3446C-C056-42C5-85E2-72BBFBB4EDF1}.Release|Any CPU.Build.0 = Release|Any CPU
	EndGlobalSection
	GlobalSection(SolutionProperties) = preSolution
		HideSolutionNode = FALSE
	EndGlobalSection
	GlobalSection(ExtensibilityGlobals) = postSolution
		SolutionGuid = {5E8947D3-4C89-4543-A1C9-3AB4F946FDA5}
	EndGlobalSection
EndGlobal
