
Microsoft Visual Studio Solution File, Format Version 12.00
# Visual Studio Version 16
VisualStudioVersion = 16.0.28729.10
MinimumVisualStudioVersion = 10.0.40219.1
Project("{9A19103F-16F7-4668-BE54-9A1E7A4F7556}") = "Arrays", "Arrays\Arrays.csproj", "{6E61F054-5846-4895-9B1C-81D83B92966B}"
EndProject
Project("{9A19103F-16F7-4668-BE54-9A1E7A4F7556}") = "HashMaps", "HashMaps\HashMaps.csproj", "{A3F0F9A7-CB0D-4465-8D56-ED502198362C}"
EndProject
Project("{9A19103F-16F7-4668-BE54-9A1E7A4F7556}") = "Trees", "Trees\Trees.csproj", "{455FB006-ACFE-499C-A4A2-36ECD90D34C9}"
EndProject
Project("{FAE04EC0-301F-11D3-BF4B-00C04F79EFBC}") = "Graphs", "Graphs\Graphs.csproj", "{A2E86AC9-DD02-4AB6-BE48-6D6D8830C095}"
EndProject
Project("{FAE04EC0-301F-11D3-BF4B-00C04F79EFBC}") = "Recursions", "Recursions\Recursions.csproj", "{20AE6C83-BF72-471A-BE5F-2AFB71A990EE}"
EndProject
Global
	GlobalSection(SolutionConfigurationPlatforms) = preSolution
		Debug|Any CPU = Debug|Any CPU
		Release|Any CPU = Release|Any CPU
	EndGlobalSection
	GlobalSection(ProjectConfigurationPlatforms) = postSolution
		{6E61F054-5846-4895-9B1C-81D83B92966B}.Debug|Any CPU.ActiveCfg = Debug|Any CPU
		{6E61F054-5846-4895-9B1C-81D83B92966B}.Debug|Any CPU.Build.0 = Debug|Any CPU
		{6E61F054-5846-4895-9B1C-81D83B92966B}.Release|Any CPU.ActiveCfg = Release|Any CPU
		{6E61F054-5846-4895-9B1C-81D83B92966B}.Release|Any CPU.Build.0 = Release|Any CPU
		{A3F0F9A7-CB0D-4465-8D56-ED502198362C}.Debug|Any CPU.ActiveCfg = Debug|Any CPU
		{A3F0F9A7-CB0D-4465-8D56-ED502198362C}.Debug|Any CPU.Build.0 = Debug|Any CPU
		{A3F0F9A7-CB0D-4465-8D56-ED502198362C}.Release|Any CPU.ActiveCfg = Release|Any CPU
		{A3F0F9A7-CB0D-4465-8D56-ED502198362C}.Release|Any CPU.Build.0 = Release|Any CPU
		{455FB006-ACFE-499C-A4A2-36ECD90D34C9}.Debug|Any CPU.ActiveCfg = Debug|Any CPU
		{455FB006-ACFE-499C-A4A2-36ECD90D34C9}.Debug|Any CPU.Build.0 = Debug|Any CPU
		{455FB006-ACFE-499C-A4A2-36ECD90D34C9}.Release|Any CPU.ActiveCfg = Release|Any CPU
		{455FB006-ACFE-499C-A4A2-36ECD90D34C9}.Release|Any CPU.Build.0 = Release|Any CPU
		{A2E86AC9-DD02-4AB6-BE48-6D6D8830C095}.Debug|Any CPU.ActiveCfg = Debug|Any CPU
		{A2E86AC9-DD02-4AB6-BE48-6D6D8830C095}.Debug|Any CPU.Build.0 = Debug|Any CPU
		{A2E86AC9-DD02-4AB6-BE48-6D6D8830C095}.Release|Any CPU.ActiveCfg = Release|Any CPU
		{A2E86AC9-DD02-4AB6-BE48-6D6D8830C095}.Release|Any CPU.Build.0 = Release|Any CPU
		{20AE6C83-BF72-471A-BE5F-2AFB71A990EE}.Debug|Any CPU.ActiveCfg = Debug|Any CPU
		{20AE6C83-BF72-471A-BE5F-2AFB71A990EE}.Debug|Any CPU.Build.0 = Debug|Any CPU
		{20AE6C83-BF72-471A-BE5F-2AFB71A990EE}.Release|Any CPU.ActiveCfg = Release|Any CPU
		{20AE6C83-BF72-471A-BE5F-2AFB71A990EE}.Release|Any CPU.Build.0 = Release|Any CPU
	EndGlobalSection
	GlobalSection(SolutionProperties) = preSolution
		HideSolutionNode = FALSE
	EndGlobalSection
	GlobalSection(ExtensibilityGlobals) = postSolution
		SolutionGuid = {5E8947D3-4C89-4543-A1C9-3AB4F946FDA5}
	EndGlobalSection
EndGlobal
